
Microsoft Visual Studio Solution File, Format Version 12.00
# Visual Studio Version 16
VisualStudioVersion = 16.0.31702.278
MinimumVisualStudioVersion = 10.0.40219.1
Project("{FAE04EC0-301F-11D3-BF4B-00C04F79EFBC}") = "PipesInPool", "PipesInPool\PipesInPool.csproj", "{18A99B02-9297-4009-B7A0-0FEC8EAF91EE}"
EndProject
Project("{FAE04EC0-301F-11D3-BF4B-00C04F79EFBC}") = "T01. Pipes In Pool", "T01. Pipes In Pool\T01. Pipes In Pool.csproj", "{B31D5388-23BD-41AF-BEDB-71ECA8E6CF70}"
EndProject
Project("{FAE04EC0-301F-11D3-BF4B-00C04F79EFBC}") = "T02. Sleepy Tom Cat", "T02. Sleepy Tom Cat\T02. Sleepy Tom Cat.csproj", "{7184CC91-9863-4150-A25E-C0C679FD49C1}"
EndProject
Project("{FAE04EC0-301F-11D3-BF4B-00C04F79EFBC}") = "T01. Agency Profit", "T01. Agency Profit\T01. Agency Profit.csproj", "{23D23615-DD92-4261-AFFA-340148CF4BA9}"
EndProject
Global
	GlobalSection(SolutionConfigurationPlatforms) = preSolution
		Debug|Any CPU = Debug|Any CPU
		Release|Any CPU = Release|Any CPU
	EndGlobalSection
	GlobalSection(ProjectConfigurationPlatforms) = postSolution
		{18A99B02-9297-4009-B7A0-0FEC8EAF91EE}.Debug|Any CPU.ActiveCfg = Debug|Any CPU
		{18A99B02-9297-4009-B7A0-0FEC8EAF91EE}.Debug|Any CPU.Build.0 = Debug|Any CPU
		{18A99B02-9297-4009-B7A0-0FEC8EAF91EE}.Release|Any CPU.ActiveCfg = Release|Any CPU
		{18A99B02-9297-4009-B7A0-0FEC8EAF91EE}.Release|Any CPU.Build.0 = Release|Any CPU
		{B31D5388-23BD-41AF-BEDB-71ECA8E6CF70}.Debug|Any CPU.ActiveCfg = Debug|Any CPU
		{B31D5388-23BD-41AF-BEDB-71ECA8E6CF70}.Debug|Any CPU.Build.0 = Debug|Any CPU
		{B31D5388-23BD-41AF-BEDB-71ECA8E6CF70}.Release|Any CPU.ActiveCfg = Release|Any CPU
		{B31D5388-23BD-41AF-BEDB-71ECA8E6CF70}.Release|Any CPU.Build.0 = Release|Any CPU
		{7184CC91-9863-4150-A25E-C0C679FD49C1}.Debug|Any CPU.ActiveCfg = Debug|Any CPU
		{7184CC91-9863-4150-A25E-C0C679FD49C1}.Debug|Any CPU.Build.0 = Debug|Any CPU
		{7184CC91-9863-4150-A25E-C0C679FD49C1}.Release|Any CPU.ActiveCfg = Release|Any CPU
		{7184CC91-9863-4150-A25E-C0C679FD49C1}.Release|Any CPU.Build.0 = Release|Any CPU
		{23D23615-DD92-4261-AFFA-340148CF4BA9}.Debug|Any CPU.ActiveCfg = Debug|Any CPU
		{23D23615-DD92-4261-AFFA-340148CF4BA9}.Debug|Any CPU.Build.0 = Debug|Any CPU
		{23D23615-DD92-4261-AFFA-340148CF4BA9}.Release|Any CPU.ActiveCfg = Release|Any CPU
		{23D23615-DD92-4261-AFFA-340148CF4BA9}.Release|Any CPU.Build.0 = Release|Any CPU
	EndGlobalSection
	GlobalSection(SolutionProperties) = preSolution
		HideSolutionNode = FALSE
	EndGlobalSection
	GlobalSection(ExtensibilityGlobals) = postSolution
		SolutionGuid = {018714E6-8805-40A7-9589-7DFFDB86D7AF}
	EndGlobalSection
EndGlobal
